
Microsoft Visual Studio Solution File, Format Version 12.00
# Visual Studio Version 16
VisualStudioVersion = 16.0.29709.97
MinimumVisualStudioVersion = 10.0.40219.1
Project("{8BC9CEB8-8B4A-11D0-8D11-00A0C91BC942}") = "HW1", "HW1.vcxproj", "{DF3EB178-5061-4ADF-8A36-D06E7BE8B59C}"
EndProject
Global
	GlobalSection(SolutionConfigurationPlatforms) = preSolution
		Debug|x64 = Debug|x64
		Debug|x86 = Debug|x86
		Release|x64 = Release|x64
		Release|x86 = Release|x86
	EndGlobalSection
	GlobalSection(ProjectConfigurationPlatforms) = postSolution
		{DF3EB178-5061-4ADF-8A36-D06E7BE8B59C}.Debug|x64.ActiveCfg = Debug|x64
		{DF3EB178-5061-4ADF-8A36-D06E7BE8B59C}.Debug|x64.Build.0 = Debug|x64
		{DF3EB178-5061-4ADF-8A36-D06E7BE8B59C}.Debug|x86.ActiveCfg = Debug|Win32
		{DF3EB178-5061-4ADF-8A36-D06E7BE8B59C}.Debug|x86.Build.0 = Debug|Win32
		{DF3EB178-5061-4ADF-8A36-D06E7BE8B59C}.Release|x64.ActiveCfg = Release|x64
		{DF3EB178-5061-4ADF-8A36-D06E7BE8B59C}.Release|x64.Build.0 = Release|x64
		{DF3EB178-5061-4ADF-8A36-D06E7BE8B59C}.Release|x86.ActiveCfg = Release|Win32
		{DF3EB178-5061-4ADF-8A36-D06E7BE8B59C}.Release|x86.Build.0 = Release|Win32
	EndGlobalSection
	GlobalSection(SolutionProperties) = preSolution
		HideSolutionNode = FALSE
	EndGlobalSection
	GlobalSection(ExtensibilityGlobals) = postSolution
		SolutionGuid = {6681E8F8-AA8A-4C4C-812D-705BFD174A08}
	EndGlobalSection
EndGlobal
